
Microsoft Visual Studio Solution File, Format Version 12.00
# Visual Studio Version 17
VisualStudioVersion = 17.6.33815.320
MinimumVisualStudioVersion = 10.0.40219.1
Project("{9A19103F-16F7-4668-BE54-9A1E7A4F7556}") = "LessonWorld.Mvc", "LessonWorld.Mvc\LessonWorld.Mvc.csproj", "{518A6DCB-9505-483B-A8C8-3F8B96BC6776}"
EndProject
Project("{9A19103F-16F7-4668-BE54-9A1E7A4F7556}") = "LessonWorld.Entity", "LessonWorld.Entity\LessonWorld.Entity.csproj", "{5F23EFD8-62B1-4207-B191-98E47A9AF794}"
EndProject
Project("{9A19103F-16F7-4668-BE54-9A1E7A4F7556}") = "LessonWorld.Business", "LessonWorld.Business\LessonWorld.Business.csproj", "{9B0CF6E7-14E2-484F-969E-00EDC675D356}"
EndProject
Project("{9A19103F-16F7-4668-BE54-9A1E7A4F7556}") = "LessonWorld.Core", "LessonWorld.Core\LessonWorld.Core.csproj", "{6DBF0C48-30D8-46E8-BB32-D449C1460DE0}"
EndProject
Project("{9A19103F-16F7-4668-BE54-9A1E7A4F7556}") = "LessonWorld.Data", "LessonWorld.Data\LessonWorld.Data.csproj", "{D7842B20-8C6C-4EBD-BB17-2238CF587022}"
EndProject
Global
	GlobalSection(SolutionConfigurationPlatforms) = preSolution
		Debug|Any CPU = Debug|Any CPU
		Release|Any CPU = Release|Any CPU
	EndGlobalSection
	GlobalSection(ProjectConfigurationPlatforms) = postSolution
		{518A6DCB-9505-483B-A8C8-3F8B96BC6776}.Debug|Any CPU.ActiveCfg = Debug|Any CPU
		{518A6DCB-9505-483B-A8C8-3F8B96BC6776}.Debug|Any CPU.Build.0 = Debug|Any CPU
		{518A6DCB-9505-483B-A8C8-3F8B96BC6776}.Release|Any CPU.ActiveCfg = Release|Any CPU
		{518A6DCB-9505-483B-A8C8-3F8B96BC6776}.Release|Any CPU.Build.0 = Release|Any CPU
		{5F23EFD8-62B1-4207-B191-98E47A9AF794}.Debug|Any CPU.ActiveCfg = Debug|Any CPU
		{5F23EFD8-62B1-4207-B191-98E47A9AF794}.Debug|Any CPU.Build.0 = Debug|Any CPU
		{5F23EFD8-62B1-4207-B191-98E47A9AF794}.Release|Any CPU.ActiveCfg = Release|Any CPU
		{5F23EFD8-62B1-4207-B191-98E47A9AF794}.Release|Any CPU.Build.0 = Release|Any CPU
		{9B0CF6E7-14E2-484F-969E-00EDC675D356}.Debug|Any CPU.ActiveCfg = Debug|Any CPU
		{9B0CF6E7-14E2-484F-969E-00EDC675D356}.Debug|Any CPU.Build.0 = Debug|Any CPU
		{9B0CF6E7-14E2-484F-969E-00EDC675D356}.Release|Any CPU.ActiveCfg = Release|Any CPU
		{9B0CF6E7-14E2-484F-969E-00EDC675D356}.Release|Any CPU.Build.0 = Release|Any CPU
		{6DBF0C48-30D8-46E8-BB32-D449C1460DE0}.Debug|Any CPU.ActiveCfg = Debug|Any CPU
		{6DBF0C48-30D8-46E8-BB32-D449C1460DE0}.Debug|Any CPU.Build.0 = Debug|Any CPU
		{6DBF0C48-30D8-46E8-BB32-D449C1460DE0}.Release|Any CPU.ActiveCfg = Release|Any CPU
		{6DBF0C48-30D8-46E8-BB32-D449C1460DE0}.Release|Any CPU.Build.0 = Release|Any CPU
		{D7842B20-8C6C-4EBD-BB17-2238CF587022}.Debug|Any CPU.ActiveCfg = Debug|Any CPU
		{D7842B20-8C6C-4EBD-BB17-2238CF587022}.Debug|Any CPU.Build.0 = Debug|Any CPU
		{D7842B20-8C6C-4EBD-BB17-2238CF587022}.Release|Any CPU.ActiveCfg = Release|Any CPU
		{D7842B20-8C6C-4EBD-BB17-2238CF587022}.Release|Any CPU.Build.0 = Release|Any CPU
	EndGlobalSection
	GlobalSection(SolutionProperties) = preSolution
		HideSolutionNode = FALSE
	EndGlobalSection
	GlobalSection(ExtensibilityGlobals) = postSolution
		SolutionGuid = {399F76D3-0AB4-4C5F-B3F4-D9CC2254CFC6}
	EndGlobalSection
EndGlobal
